
Microsoft Visual Studio Solution File, Format Version 12.00
# Visual Studio Version 17
VisualStudioVersion = 17.8.34322.80
MinimumVisualStudioVersion = 10.0.40219.1
Project("{FAE04EC0-301F-11D3-BF4B-00C04F79EFBC}") = "D-A", "D-A.csproj", "{1074A91D-0FD9-4630-918F-A78E9E597846}"
EndProject
Global
	GlobalSection(SolutionConfigurationPlatforms) = preSolution
		Debug|Any CPU = Debug|Any CPU
		Release|Any CPU = Release|Any CPU
	EndGlobalSection
	GlobalSection(ProjectConfigurationPlatforms) = postSolution
		{1074A91D-0FD9-4630-918F-A78E9E597846}.Debug|Any CPU.ActiveCfg = Debug|Any CPU
		{1074A91D-0FD9-4630-918F-A78E9E597846}.Debug|Any CPU.Build.0 = Debug|Any CPU
		{1074A91D-0FD9-4630-918F-A78E9E597846}.Release|Any CPU.ActiveCfg = Release|Any CPU
		{1074A91D-0FD9-4630-918F-A78E9E597846}.Release|Any CPU.Build.0 = Release|Any CPU
	EndGlobalSection
	GlobalSection(SolutionProperties) = preSolution
		HideSolutionNode = FALSE
	EndGlobalSection
	GlobalSection(ExtensibilityGlobals) = postSolution
		SolutionGuid = {5E310BE5-327B-48A8-8196-9B813A923263}
	EndGlobalSection
EndGlobal
